// !$*UTF8*$!
{
	archiveVersion = 1;
	classes = {
	};
	objectVersion = 46;
	objects = {

/* Begin PBXGroup section */
		E96861461FA8F69A00B0FC38 = {
			isa = PBXGroup;
			children = (
			);
			sourceTree = "<group>";
		};
/* End PBXGroup section */

/* Begin PBXProject section */
		E96861471FA8F69A00B0FC38 /* Project object */ = {
			isa = PBXProject;
			attributes = {
				LastUpgradeCheck = 0710;
			};
			buildConfigurationList = E968614A1FA8F69A00B0FC38 /* Build configuration list for PBXProject "cs450" */;
			compatibilityVersion = "Xcode 3.2";
			developmentRegion = English;
			hasScannedForEncodings = 0;
			knownRegions = (
				en,
			);
			mainGroup = E96861461FA8F69A00B0FC38;
			projectDirPath = "";
			projectRoot = "";
			targets = (
			);
		};
/* End PBXProject section */

/* Begin XCBuildConfiguration section */
		E968614B1FA8F69A00B0FC38 /* Debug */ = {
			isa = XCBuildConfiguration;
			buildSettings = {
			};
			name = Debug;
		};
		E968614C1FA8F69A00B0FC38 /* Release */ = {
			isa = XCBuildConfiguration;
			buildSettings = {
			};
			name = Release;
		};
/* End XCBuildConfiguration section */

/* Begin XCConfigurationList section */
		E968614A1FA8F69A00B0FC38 /* Build configuration list for PBXProject "cs450" */ = {
			isa = XCConfigurationList;
			buildConfigurations = (
				E968614B1FA8F69A00B0FC38 /* Debug */,
				E968614C1FA8F69A00B0FC38 /* Release */,
			);
			defaultConfigurationIsVisible = 0;
			defaultConfigurationName = Release;
		};
/* End XCConfigurationList section */
	};
	rootObject = E96861471FA8F69A00B0FC38 /* Project object */;
}
